// !$*UTF8*$!
{
	archiveVersion = 1;
	classes = {
	};
	objectVersion = 56;
	objects = {

/* Begin PBXBuildFile section */
		D3386F762CBC3EAC00027178 /* tenerifeChallengeApp.swift in Sources */ = {isa = PBXBuildFile; fileRef = D3386F752CBC3EAC00027178 /* tenerifeChallengeApp.swift */; };
		D3386F782CBC3EAC00027178 /* ContentView.swift in Sources */ = {isa = PBXBuildFile; fileRef = D3386F772CBC3EAC00027178 /* ContentView.swift */; };
		D3386F7A2CBC3EAE00027178 /* Assets.xcassets in Resources */ = {isa = PBXBuildFile; fileRef = D3386F792CBC3EAE00027178 /* Assets.xcassets */; };
		D3386F7D2CBC3EAE00027178 /* Preview Assets.xcassets in Resources */ = {isa = PBXBuildFile; fileRef = D3386F7C2CBC3EAE00027178 /* Preview Assets.xcassets */; };
		D3386F7F2CBC3EAE00027178 /* Persistence.swift in Sources */ = {isa = PBXBuildFile; fileRef = D3386F7E2CBC3EAE00027178 /* Persistence.swift */; };
		D3386F822CBC3EAE00027178 /* tenerifeChallenge.xcdatamodeld in Sources */ = {isa = PBXBuildFile; fileRef = D3386F802CBC3EAE00027178 /* tenerifeChallenge.xcdatamodeld */; };
		D3386F8A2CBC3F4E00027178 /* GoogleService-Info.plist in Resources */ = {isa = PBXBuildFile; fileRef = D3386F892CBC3F4E00027178 /* GoogleService-Info.plist */; };
		D3386F8D2CBC3F8800027178 /* FirebaseAnalytics in Frameworks */ = {isa = PBXBuildFile; productRef = D3386F8C2CBC3F8800027178 /* FirebaseAnalytics */; };
		D3386F8F2CBC3F8800027178 /* FirebaseAuth in Frameworks */ = {isa = PBXBuildFile; productRef = D3386F8E2CBC3F8800027178 /* FirebaseAuth */; };
		D3386F912CBC3F8800027178 /* FirebaseCrashlytics in Frameworks */ = {isa = PBXBuildFile; productRef = D3386F902CBC3F8800027178 /* FirebaseCrashlytics */; };
		D3386F932CBC3F8800027178 /* FirebaseFirestore in Frameworks */ = {isa = PBXBuildFile; productRef = D3386F922CBC3F8800027178 /* FirebaseFirestore */; };
		D3386F952CBC3F8800027178 /* FirebaseFunctions in Frameworks */ = {isa = PBXBuildFile; productRef = D3386F942CBC3F8800027178 /* FirebaseFunctions */; };
		D3386F972CBC3F8800027178 /* FirebaseMessaging in Frameworks */ = {isa = PBXBuildFile; productRef = D3386F962CBC3F8800027178 /* FirebaseMessaging */; };
		D3386F992CBC3F8800027178 /* FirebaseStorage in Frameworks */ = {isa = PBXBuildFile; productRef = D3386F982CBC3F8800027178 /* FirebaseStorage */; };
/* End PBXBuildFile section */

/* Begin PBXFileReference section */
		D3386F722CBC3EAC00027178 /* tenerifeChallenge.app */ = {isa = PBXFileReference; explicitFileType = wrapper.application; includeInIndex = 0; path = tenerifeChallenge.app; sourceTree = BUILT_PRODUCTS_DIR; };
		D3386F752CBC3EAC00027178 /* tenerifeChallengeApp.swift */ = {isa = PBXFileReference; lastKnownFileType = sourcecode.swift; path = tenerifeChallengeApp.swift; sourceTree = "<group>"; };
		D3386F772CBC3EAC00027178 /* ContentView.swift */ = {isa = PBXFileReference; lastKnownFileType = sourcecode.swift; path = ContentView.swift; sourceTree = "<group>"; };
		D3386F792CBC3EAE00027178 /* Assets.xcassets */ = {isa = PBXFileReference; lastKnownFileType = folder.assetcatalog; path = Assets.xcassets; sourceTree = "<group>"; };
		D3386F7C2CBC3EAE00027178 /* Preview Assets.xcassets */ = {isa = PBXFileReference; lastKnownFileType = folder.assetcatalog; path = "Preview Assets.xcassets"; sourceTree = "<group>"; };
		D3386F7E2CBC3EAE00027178 /* Persistence.swift */ = {isa = PBXFileReference; lastKnownFileType = sourcecode.swift; path = Persistence.swift; sourceTree = "<group>"; };
		D3386F812CBC3EAE00027178 /* tenerifeChallenge.xcdatamodel */ = {isa = PBXFileReference; lastKnownFileType = wrapper.xcdatamodel; path = tenerifeChallenge.xcdatamodel; sourceTree = "<group>"; };
		D3386F892CBC3F4E00027178 /* GoogleService-Info.plist */ = {isa = PBXFileReference; fileEncoding = 4; lastKnownFileType = text.plist.xml; path = "GoogleService-Info.plist"; sourceTree = "<group>"; };
/* End PBXFileReference section */

/* Begin PBXFrameworksBuildPhase section */
		D3386F6F2CBC3EAC00027178 /* Frameworks */ = {
			isa = PBXFrameworksBuildPhase;
			buildActionMask = 2147483647;
			files = (
				D3386F972CBC3F8800027178 /* FirebaseMessaging in Frameworks */,
				D3386F912CBC3F8800027178 /* FirebaseCrashlytics in Frameworks */,
				D3386F932CBC3F8800027178 /* FirebaseFirestore in Frameworks */,
				D3386F952CBC3F8800027178 /* FirebaseFunctions in Frameworks */,
				D3386F992CBC3F8800027178 /* FirebaseStorage in Frameworks */,
				D3386F8D2CBC3F8800027178 /* FirebaseAnalytics in Frameworks */,
				D3386F8F2CBC3F8800027178 /* FirebaseAuth in Frameworks */,
			);
			runOnlyForDeploymentPostprocessing = 0;
		};
/* End PBXFrameworksBuildPhase section */

/* Begin PBXGroup section */
		D3386F692CBC3EAC00027178 = {
			isa = PBXGroup;
			children = (
				D3386F742CBC3EAC00027178 /* tenerifeChallenge */,
				D3386F732CBC3EAC00027178 /* Products */,
			);
			sourceTree = "<group>";
		};
		D3386F732CBC3EAC00027178 /* Products */ = {
			isa = PBXGroup;
			children = (
				D3386F722CBC3EAC00027178 /* tenerifeChallenge.app */,
			);
			name = Products;
			sourceTree = "<group>";
		};
		D3386F742CBC3EAC00027178 /* tenerifeChallenge */ = {
			isa = PBXGroup;
			children = (
				D3386F882CBC3F3200027178 /* SupportingFiles */,
				D3386F752CBC3EAC00027178 /* tenerifeChallengeApp.swift */,
				D3386F772CBC3EAC00027178 /* ContentView.swift */,
				D3386F792CBC3EAE00027178 /* Assets.xcassets */,
				D3386F7E2CBC3EAE00027178 /* Persistence.swift */,
				D3386F802CBC3EAE00027178 /* tenerifeChallenge.xcdatamodeld */,
				D3386F7B2CBC3EAE00027178 /* Preview Content */,
			);
			path = tenerifeChallenge;
			sourceTree = "<group>";
		};
		D3386F7B2CBC3EAE00027178 /* Preview Content */ = {
			isa = PBXGroup;
			children = (
				D3386F7C2CBC3EAE00027178 /* Preview Assets.xcassets */,
			);
			path = "Preview Content";
			sourceTree = "<group>";
		};
		D3386F882CBC3F3200027178 /* SupportingFiles */ = {
			isa = PBXGroup;
			children = (
				D3386F892CBC3F4E00027178 /* GoogleService-Info.plist */,
			);
			path = SupportingFiles;
			sourceTree = "<group>";
		};
/* End PBXGroup section */

/* Begin PBXNativeTarget section */
		D3386F712CBC3EAC00027178 /* tenerifeChallenge */ = {
			isa = PBXNativeTarget;
			buildConfigurationList = D3386F852CBC3EAE00027178 /* Build configuration list for PBXNativeTarget "tenerifeChallenge" */;
			buildPhases = (
				D3386F6E2CBC3EAC00027178 /* Sources */,
				D3386F6F2CBC3EAC00027178 /* Frameworks */,
				D3386F702CBC3EAC00027178 /* Resources */,
				D3386F9A2CBC40DF00027178 /* ShellScript */,
			);
			buildRules = (
			);
			dependencies = (
			);
			name = tenerifeChallenge;
			packageProductDependencies = (
				D3386F8C2CBC3F8800027178 /* FirebaseAnalytics */,
				D3386F8E2CBC3F8800027178 /* FirebaseAuth */,
				D3386F902CBC3F8800027178 /* FirebaseCrashlytics */,
				D3386F922CBC3F8800027178 /* FirebaseFirestore */,
				D3386F942CBC3F8800027178 /* FirebaseFunctions */,
				D3386F962CBC3F8800027178 /* FirebaseMessaging */,
				D3386F982CBC3F8800027178 /* FirebaseStorage */,
			);
			productName = tenerifeChallenge;
			productReference = D3386F722CBC3EAC00027178 /* tenerifeChallenge.app */;
			productType = "com.apple.product-type.application";
		};
/* End PBXNativeTarget section */

/* Begin PBXProject section */
		D3386F6A2CBC3EAC00027178 /* Project object */ = {
			isa = PBXProject;
			attributes = {
				BuildIndependentTargetsInParallel = 1;
				LastSwiftUpdateCheck = 1540;
				LastUpgradeCheck = 1540;
				TargetAttributes = {
					D3386F712CBC3EAC00027178 = {
						CreatedOnToolsVersion = 15.4;
					};
				};
			};
			buildConfigurationList = D3386F6D2CBC3EAC00027178 /* Build configuration list for PBXProject "tenerifeChallenge" */;
			compatibilityVersion = "Xcode 14.0";
			developmentRegion = en;
			hasScannedForEncodings = 0;
			knownRegions = (
				en,
				Base,
			);
			mainGroup = D3386F692CBC3EAC00027178;
			packageReferences = (
				D3386F8B2CBC3F8800027178 /* XCRemoteSwiftPackageReference "firebase-ios-sdk" */,
			);
			productRefGroup = D3386F732CBC3EAC00027178 /* Products */;
			projectDirPath = "";
			projectRoot = "";
			targets = (
				D3386F712CBC3EAC00027178 /* tenerifeChallenge */,
			);
		};
/* End PBXProject section */

/* Begin PBXResourcesBuildPhase section */
		D3386F702CBC3EAC00027178 /* Resources */ = {
			isa = PBXResourcesBuildPhase;
			buildActionMask = 2147483647;
			files = (
				D3386F7D2CBC3EAE00027178 /* Preview Assets.xcassets in Resources */,
				D3386F7A2CBC3EAE00027178 /* Assets.xcassets in Resources */,
				D3386F8A2CBC3F4E00027178 /* GoogleService-Info.plist in Resources */,
			);
			runOnlyForDeploymentPostprocessing = 0;
		};
/* End PBXResourcesBuildPhase section */

/* Begin PBXShellScriptBuildPhase section */
		D3386F9A2CBC40DF00027178 /* ShellScript */ = {
			isa = PBXShellScriptBuildPhase;
			buildActionMask = 2147483647;
			files = (
			);
			inputFileListPaths = (
			);
			inputPaths = (
				"${DWARF_DSYM_FOLDER_PATH}/${DWARF_DSYM_FILE_NAME}",
				"${DWARF_DSYM_FOLDER_PATH}/${DWARF_DSYM_FILE_NAME}/Contents/Resources/DWARF/${PRODUCT_NAME}",
				"${DWARF_DSYM_FOLDER_PATH}/${DWARF_DSYM_FILE_NAME}/Contents/Info.plist",
				"$(TARGET_BUILD_DIR)/$(UNLOCALIZED_RESOURCES_FOLDER_PATH)/GoogleService-Info.plist",
				"$(TARGET_BUILD_DIR)/$(EXECUTABLE_PATH)",
			);
			outputFileListPaths = (
			);
			outputPaths = (
			);
			runOnlyForDeploymentPostprocessing = 0;
			shellPath = /bin/sh;
			shellScript = "# Type a script or drag a script file from your workspace to insert its path.\n\"${BUILD_DIR%/Build/*}/SourcePackages/checkouts/firebase-ios-sdk/Crashlytics/run\"\n";
		};
/* End PBXShellScriptBuildPhase section */

/* Begin PBXSourcesBuildPhase section */
		D3386F6E2CBC3EAC00027178 /* Sources */ = {
			isa = PBXSourcesBuildPhase;
			buildActionMask = 2147483647;
			files = (
				D3386F7F2CBC3EAE00027178 /* Persistence.swift in Sources */,
				D3386F782CBC3EAC00027178 /* ContentView.swift in Sources */,
				D3386F762CBC3EAC00027178 /* tenerifeChallengeApp.swift in Sources */,
				D3386F822CBC3EAE00027178 /* tenerifeChallenge.xcdatamodeld in Sources */,
			);
			runOnlyForDeploymentPostprocessing = 0;
		};
/* End PBXSourcesBuildPhase section */

/* Begin XCBuildConfiguration section */
		D3386F832CBC3EAE00027178 /* Debug */ = {
			isa = XCBuildConfiguration;
			buildSettings = {
				ALWAYS_SEARCH_USER_PATHS = NO;
				ASSETCATALOG_COMPILER_GENERATE_SWIFT_ASSET_SYMBOL_EXTENSIONS = YES;
				CLANG_ANALYZER_NONNULL = YES;
				CLANG_ANALYZER_NUMBER_OBJECT_CONVERSION = YES_AGGRESSIVE;
				CLANG_CXX_LANGUAGE_STANDARD = "gnu++20";
				CLANG_ENABLE_MODULES = YES;
				CLANG_ENABLE_OBJC_ARC = YES;
				CLANG_ENABLE_OBJC_WEAK = YES;
				CLANG_WARN_BLOCK_CAPTURE_AUTORELEASING = YES;
				CLANG_WARN_BOOL_CONVERSION = YES;
				CLANG_WARN_COMMA = YES;
				CLANG_WARN_CONSTANT_CONVERSION = YES;
				CLANG_WARN_DEPRECATED_OBJC_IMPLEMENTATIONS = YES;
				CLANG_WARN_DIRECT_OBJC_ISA_USAGE = YES_ERROR;
				CLANG_WARN_DOCUMENTATION_COMMENTS = YES;
				CLANG_WARN_EMPTY_BODY = YES;
				CLANG_WARN_ENUM_CONVERSION = YES;
				CLANG_WARN_INFINITE_RECURSION = YES;
				CLANG_WARN_INT_CONVERSION = YES;
				CLANG_WARN_NON_LITERAL_NULL_CONVERSION = YES;
				CLANG_WARN_OBJC_IMPLICIT_RETAIN_SELF = YES;
				CLANG_WARN_OBJC_LITERAL_CONVERSION = YES;
				CLANG_WARN_OBJC_ROOT_CLASS = YES_ERROR;
				CLANG_WARN_QUOTED_INCLUDE_IN_FRAMEWORK_HEADER = YES;
				CLANG_WARN_RANGE_LOOP_ANALYSIS = YES;
				CLANG_WARN_STRICT_PROTOTYPES = YES;
				CLANG_WARN_SUSPICIOUS_MOVE = YES;
				CLANG_WARN_UNGUARDED_AVAILABILITY = YES_AGGRESSIVE;
				CLANG_WARN_UNREACHABLE_CODE = YES;
				CLANG_WARN__DUPLICATE_METHOD_MATCH = YES;
				COPY_PHASE_STRIP = NO;
				DEBUG_INFORMATION_FORMAT = dwarf;
				ENABLE_STRICT_OBJC_MSGSEND = YES;
				ENABLE_TESTABILITY = YES;
				ENABLE_USER_SCRIPT_SANDBOXING = YES;
				GCC_C_LANGUAGE_STANDARD = gnu17;
				GCC_DYNAMIC_NO_PIC = NO;
				GCC_NO_COMMON_BLOCKS = YES;
				GCC_OPTIMIZATION_LEVEL = 0;
				GCC_PREPROCESSOR_DEFINITIONS = (
					"DEBUG=1",
					"$(inherited)",
				);
				GCC_WARN_64_TO_32_BIT_CONVERSION = YES;
				GCC_WARN_ABOUT_RETURN_TYPE = YES_ERROR;
				GCC_WARN_UNDECLARED_SELECTOR = YES;
				GCC_WARN_UNINITIALIZED_AUTOS = YES_AGGRESSIVE;
				GCC_WARN_UNUSED_FUNCTION = YES;
				GCC_WARN_UNUSED_VARIABLE = YES;
				IPHONEOS_DEPLOYMENT_TARGET = 17.5;
				LOCALIZATION_PREFERS_STRING_CATALOGS = YES;
				MTL_ENABLE_DEBUG_INFO = INCLUDE_SOURCE;
				MTL_FAST_MATH = YES;
				ONLY_ACTIVE_ARCH = YES;
				SDKROOT = iphoneos;
				SWIFT_ACTIVE_COMPILATION_CONDITIONS = "DEBUG $(inherited)";
				SWIFT_OPTIMIZATION_LEVEL = "-Onone";
			};
			name = Debug;
		};
		D3386F842CBC3EAE00027178 /* Release */ = {
			isa = XCBuildConfiguration;
			buildSettings = {
				ALWAYS_SEARCH_USER_PATHS = NO;
				ASSETCATALOG_COMPILER_GENERATE_SWIFT_ASSET_SYMBOL_EXTENSIONS = YES;
				CLANG_ANALYZER_NONNULL = YES;
				CLANG_ANALYZER_NUMBER_OBJECT_CONVERSION = YES_AGGRESSIVE;
				CLANG_CXX_LANGUAGE_STANDARD = "gnu++20";
				CLANG_ENABLE_MODULES = YES;
				CLANG_ENABLE_OBJC_ARC = YES;
				CLANG_ENABLE_OBJC_WEAK = YES;
				CLANG_WARN_BLOCK_CAPTURE_AUTORELEASING = YES;
				CLANG_WARN_BOOL_CONVERSION = YES;
				CLANG_WARN_COMMA = YES;
				CLANG_WARN_CONSTANT_CONVERSION = YES;
				CLANG_WARN_DEPRECATED_OBJC_IMPLEMENTATIONS = YES;
				CLANG_WARN_DIRECT_OBJC_ISA_USAGE = YES_ERROR;
				CLANG_WARN_DOCUMENTATION_COMMENTS = YES;
				CLANG_WARN_EMPTY_BODY = YES;
				CLANG_WARN_ENUM_CONVERSION = YES;
				CLANG_WARN_INFINITE_RECURSION = YES;
				CLANG_WARN_INT_CONVERSION = YES;
				CLANG_WARN_NON_LITERAL_NULL_CONVERSION = YES;
				CLANG_WARN_OBJC_IMPLICIT_RETAIN_SELF = YES;
				CLANG_WARN_OBJC_LITERAL_CONVERSION = YES;
				CLANG_WARN_OBJC_ROOT_CLASS = YES_ERROR;
				CLANG_WARN_QUOTED_INCLUDE_IN_FRAMEWORK_HEADER = YES;
				CLANG_WARN_RANGE_LOOP_ANALYSIS = YES;
				CLANG_WARN_STRICT_PROTOTYPES = YES;
				CLANG_WARN_SUSPICIOUS_MOVE = YES;
				CLANG_WARN_UNGUARDED_AVAILABILITY = YES_AGGRESSIVE;
				CLANG_WARN_UNREACHABLE_CODE = YES;
				CLANG_WARN__DUPLICATE_METHOD_MATCH = YES;
				COPY_PHASE_STRIP = NO;
				DEBUG_INFORMATION_FORMAT = "dwarf-with-dsym";
				ENABLE_NS_ASSERTIONS = NO;
				ENABLE_STRICT_OBJC_MSGSEND = YES;
				ENABLE_USER_SCRIPT_SANDBOXING = YES;
				GCC_C_LANGUAGE_STANDARD = gnu17;
				GCC_NO_COMMON_BLOCKS = YES;
				GCC_WARN_64_TO_32_BIT_CONVERSION = YES;
				GCC_WARN_ABOUT_RETURN_TYPE = YES_ERROR;
				GCC_WARN_UNDECLARED_SELECTOR = YES;
				GCC_WARN_UNINITIALIZED_AUTOS = YES_AGGRESSIVE;
				GCC_WARN_UNUSED_FUNCTION = YES;
				GCC_WARN_UNUSED_VARIABLE = YES;
				IPHONEOS_DEPLOYMENT_TARGET = 17.5;
				LOCALIZATION_PREFERS_STRING_CATALOGS = YES;
				MTL_ENABLE_DEBUG_INFO = NO;
				MTL_FAST_MATH = YES;
				SDKROOT = iphoneos;
				SWIFT_COMPILATION_MODE = wholemodule;
				VALIDATE_PRODUCT = YES;
			};
			name = Release;
		};
		D3386F862CBC3EAE00027178 /* Debug */ = {
			isa = XCBuildConfiguration;
			buildSettings = {
				ASSETCATALOG_COMPILER_APPICON_NAME = AppIcon;
				ASSETCATALOG_COMPILER_GLOBAL_ACCENT_COLOR_NAME = AccentColor;
				CODE_SIGN_STYLE = Automatic;
				CURRENT_PROJECT_VERSION = 1;
				DEVELOPMENT_ASSET_PATHS = "\"tenerifeChallenge/Preview Content\"";
				DEVELOPMENT_TEAM = BHC56Q6KCK;
				ENABLE_PREVIEWS = YES;
				GENERATE_INFOPLIST_FILE = YES;
				INFOPLIST_KEY_UIApplicationSceneManifest_Generation = YES;
				INFOPLIST_KEY_UIApplicationSupportsIndirectInputEvents = YES;
				INFOPLIST_KEY_UILaunchScreen_Generation = YES;
				INFOPLIST_KEY_UISupportedInterfaceOrientations_iPad = "UIInterfaceOrientationPortrait UIInterfaceOrientationPortraitUpsideDown UIInterfaceOrientationLandscapeLeft UIInterfaceOrientationLandscapeRight";
				INFOPLIST_KEY_UISupportedInterfaceOrientations_iPhone = "UIInterfaceOrientationPortrait UIInterfaceOrientationLandscapeLeft UIInterfaceOrientationLandscapeRight";
				LD_RUNPATH_SEARCH_PATHS = (
					"$(inherited)",
					"@executable_path/Frameworks",
				);
				MARKETING_VERSION = 1.0;
				PRODUCT_BUNDLE_IDENTIFIER = com.tenerifeChallenge.app;
				PRODUCT_NAME = "$(TARGET_NAME)";
				SWIFT_EMIT_LOC_STRINGS = YES;
				SWIFT_VERSION = 5.0;
				TARGETED_DEVICE_FAMILY = "1,2";
			};
			name = Debug;
		};
		D3386F872CBC3EAE00027178 /* Release */ = {
			isa = XCBuildConfiguration;
			buildSettings = {
				ASSETCATALOG_COMPILER_APPICON_NAME = AppIcon;
				ASSETCATALOG_COMPILER_GLOBAL_ACCENT_COLOR_NAME = AccentColor;
				CODE_SIGN_STYLE = Automatic;
				CURRENT_PROJECT_VERSION = 1;
				DEVELOPMENT_ASSET_PATHS = "\"tenerifeChallenge/Preview Content\"";
				DEVELOPMENT_TEAM = BHC56Q6KCK;
				ENABLE_PREVIEWS = YES;
				GENERATE_INFOPLIST_FILE = YES;
				INFOPLIST_KEY_UIApplicationSceneManifest_Generation = YES;
				INFOPLIST_KEY_UIApplicationSupportsIndirectInputEvents = YES;
				INFOPLIST_KEY_UILaunchScreen_Generation = YES;
				INFOPLIST_KEY_UISupportedInterfaceOrientations_iPad = "UIInterfaceOrientationPortrait UIInterfaceOrientationPortraitUpsideDown UIInterfaceOrientationLandscapeLeft UIInterfaceOrientationLandscapeRight";
				INFOPLIST_KEY_UISupportedInterfaceOrientations_iPhone = "UIInterfaceOrientationPortrait UIInterfaceOrientationLandscapeLeft UIInterfaceOrientationLandscapeRight";
				LD_RUNPATH_SEARCH_PATHS = (
					"$(inherited)",
					"@executable_path/Frameworks",
				);
				MARKETING_VERSION = 1.0;
				PRODUCT_BUNDLE_IDENTIFIER = com.tenerifeChallenge.app;
				PRODUCT_NAME = "$(TARGET_NAME)";
				SWIFT_EMIT_LOC_STRINGS = YES;
				SWIFT_VERSION = 5.0;
				TARGETED_DEVICE_FAMILY = "1,2";
			};
			name = Release;
		};
/* End XCBuildConfiguration section */

/* Begin XCConfigurationList section */
		D3386F6D2CBC3EAC00027178 /* Build configuration list for PBXProject "tenerifeChallenge" */ = {
			isa = XCConfigurationList;
			buildConfigurations = (
				D3386F832CBC3EAE00027178 /* Debug */,
				D3386F842CBC3EAE00027178 /* Release */,
			);
			defaultConfigurationIsVisible = 0;
			defaultConfigurationName = Release;
		};
		D3386F852CBC3EAE00027178 /* Build configuration list for PBXNativeTarget "tenerifeChallenge" */ = {
			isa = XCConfigurationList;
			buildConfigurations = (
				D3386F862CBC3EAE00027178 /* Debug */,
				D3386F872CBC3EAE00027178 /* Release */,
			);
			defaultConfigurationIsVisible = 0;
			defaultConfigurationName = Release;
		};
/* End XCConfigurationList section */

/* Begin XCRemoteSwiftPackageReference section */
		D3386F8B2CBC3F8800027178 /* XCRemoteSwiftPackageReference "firebase-ios-sdk" */ = {
			isa = XCRemoteSwiftPackageReference;
			repositoryURL = "https://github.com/firebase/firebase-ios-sdk";
			requirement = {
				kind = upToNextMajorVersion;
				minimumVersion = 11.3.0;
			};
		};
/* End XCRemoteSwiftPackageReference section */

/* Begin XCSwiftPackageProductDependency section */
		D3386F8C2CBC3F8800027178 /* FirebaseAnalytics */ = {
			isa = XCSwiftPackageProductDependency;
			package = D3386F8B2CBC3F8800027178 /* XCRemoteSwiftPackageReference "firebase-ios-sdk" */;
			productName = FirebaseAnalytics;
		};
		D3386F8E2CBC3F8800027178 /* FirebaseAuth */ = {
			isa = XCSwiftPackageProductDependency;
			package = D3386F8B2CBC3F8800027178 /* XCRemoteSwiftPackageReference "firebase-ios-sdk" */;
			productName = FirebaseAuth;
		};
		D3386F902CBC3F8800027178 /* FirebaseCrashlytics */ = {
			isa = XCSwiftPackageProductDependency;
			package = D3386F8B2CBC3F8800027178 /* XCRemoteSwiftPackageReference "firebase-ios-sdk" */;
			productName = FirebaseCrashlytics;
		};
		D3386F922CBC3F8800027178 /* FirebaseFirestore */ = {
			isa = XCSwiftPackageProductDependency;
			package = D3386F8B2CBC3F8800027178 /* XCRemoteSwiftPackageReference "firebase-ios-sdk" */;
			productName = FirebaseFirestore;
		};
		D3386F942CBC3F8800027178 /* FirebaseFunctions */ = {
			isa = XCSwiftPackageProductDependency;
			package = D3386F8B2CBC3F8800027178 /* XCRemoteSwiftPackageReference "firebase-ios-sdk" */;
			productName = FirebaseFunctions;
		};
		D3386F962CBC3F8800027178 /* FirebaseMessaging */ = {
			isa = XCSwiftPackageProductDependency;
			package = D3386F8B2CBC3F8800027178 /* XCRemoteSwiftPackageReference "firebase-ios-sdk" */;
			productName = FirebaseMessaging;
		};
		D3386F982CBC3F8800027178 /* FirebaseStorage */ = {
			isa = XCSwiftPackageProductDependency;
			package = D3386F8B2CBC3F8800027178 /* XCRemoteSwiftPackageReference "firebase-ios-sdk" */;
			productName = FirebaseStorage;
		};
/* End XCSwiftPackageProductDependency section */

/* Begin XCVersionGroup section */
		D3386F802CBC3EAE00027178 /* tenerifeChallenge.xcdatamodeld */ = {
			isa = XCVersionGroup;
			children = (
				D3386F812CBC3EAE00027178 /* tenerifeChallenge.xcdatamodel */,
			);
			currentVersion = D3386F812CBC3EAE00027178 /* tenerifeChallenge.xcdatamodel */;
			path = tenerifeChallenge.xcdatamodeld;
			sourceTree = "<group>";
			versionGroupType = wrapper.xcdatamodel;
		};
/* End XCVersionGroup section */
	};
	rootObject = D3386F6A2CBC3EAC00027178 /* Project object */;
}
